
Microsoft Visual Studio Solution File, Format Version 12.00
# Visual Studio Version 17
VisualStudioVersion = 17.11.35312.102
MinimumVisualStudioVersion = 10.0.40219.1
Project("{FAE04EC0-301F-11D3-BF4B-00C04F79EFBC}") = "Kostenaufstellung", "Kostenaufstellung\Kostenaufstellung.csproj", "{7ACD5BD0-44FC-433F-BDCF-6710603484AE}"
EndProject
Global
	GlobalSection(SolutionConfigurationPlatforms) = preSolution
		Debug|Any CPU = Debug|Any CPU
		Release|Any CPU = Release|Any CPU
	EndGlobalSection
	GlobalSection(ProjectConfigurationPlatforms) = postSolution
		{7ACD5BD0-44FC-433F-BDCF-6710603484AE}.Debug|Any CPU.ActiveCfg = Debug|Any CPU
		{7ACD5BD0-44FC-433F-BDCF-6710603484AE}.Debug|Any CPU.Build.0 = Debug|Any CPU
		{7ACD5BD0-44FC-433F-BDCF-6710603484AE}.Release|Any CPU.ActiveCfg = Release|Any CPU
		{7ACD5BD0-44FC-433F-BDCF-6710603484AE}.Release|Any CPU.Build.0 = Release|Any CPU
	EndGlobalSection
	GlobalSection(SolutionProperties) = preSolution
		HideSolutionNode = FALSE
	EndGlobalSection
	GlobalSection(ExtensibilityGlobals) = postSolution
		SolutionGuid = {C1520A0F-2827-409F-8538-61F1CC52E3D1}
	EndGlobalSection
EndGlobal
